// !$*UTF8*$!
{
	archiveVersion = 1;
	classes = {
	};
	objectVersion = 50;
	objects = {

/* Begin PBXBuildFile section */
		078064752556D0D7003043A6 /* AppDelegate.m in Sources */ = {isa = PBXBuildFile; fileRef = 078064742556D0D7003043A6 /* AppDelegate.m */; };
		078064782556D0D7003043A6 /* SceneDelegate.m in Sources */ = {isa = PBXBuildFile; fileRef = 078064772556D0D7003043A6 /* SceneDelegate.m */; };
		0780647B2556D0D7003043A6 /* ViewController.m in Sources */ = {isa = PBXBuildFile; fileRef = 0780647A2556D0D7003043A6 /* ViewController.m */; };
		0780647E2556D0D7003043A6 /* Main.storyboard in Resources */ = {isa = PBXBuildFile; fileRef = 0780647C2556D0D7003043A6 /* Main.storyboard */; };
		078064802556D0D9003043A6 /* Assets.xcassets in Resources */ = {isa = PBXBuildFile; fileRef = 0780647F2556D0D9003043A6 /* Assets.xcassets */; };
		078064832556D0D9003043A6 /* LaunchScreen.storyboard in Resources */ = {isa = PBXBuildFile; fileRef = 078064812556D0D9003043A6 /* LaunchScreen.storyboard */; };
		078064862556D0D9003043A6 /* main.m in Sources */ = {isa = PBXBuildFile; fileRef = 078064852556D0D9003043A6 /* main.m */; };
		078064922556D114003043A6 /* cars_simple.plist in Resources */ = {isa = PBXBuildFile; fileRef = 078064912556D113003043A6 /* cars_simple.plist */; };
		078064962556D4AD003043A6 /* GXCarBrand.m in Sources */ = {isa = PBXBuildFile; fileRef = 078064952556D4AD003043A6 /* GXCarBrand.m */; };
/* End PBXBuildFile section */

/* Begin PBXFileReference section */
		078064702556D0D7003043A6 /* OC-UI-UITableViewGroup.app */ = {isa = PBXFileReference; explicitFileType = wrapper.application; includeInIndex = 0; path = "OC-UI-UITableViewGroup.app"; sourceTree = BUILT_PRODUCTS_DIR; };
		078064732556D0D7003043A6 /* AppDelegate.h */ = {isa = PBXFileReference; lastKnownFileType = sourcecode.c.h; path = AppDelegate.h; sourceTree = "<group>"; };
		078064742556D0D7003043A6 /* AppDelegate.m */ = {isa = PBXFileReference; lastKnownFileType = sourcecode.c.objc; path = AppDelegate.m; sourceTree = "<group>"; };
		078064762556D0D7003043A6 /* SceneDelegate.h */ = {isa = PBXFileReference; lastKnownFileType = sourcecode.c.h; path = SceneDelegate.h; sourceTree = "<group>"; };
		078064772556D0D7003043A6 /* SceneDelegate.m */ = {isa = PBXFileReference; lastKnownFileType = sourcecode.c.objc; path = SceneDelegate.m; sourceTree = "<group>"; };
		078064792556D0D7003043A6 /* ViewController.h */ = {isa = PBXFileReference; lastKnownFileType = sourcecode.c.h; path = ViewController.h; sourceTree = "<group>"; };
		0780647A2556D0D7003043A6 /* ViewController.m */ = {isa = PBXFileReference; lastKnownFileType = sourcecode.c.objc; path = ViewController.m; sourceTree = "<group>"; };
		0780647D2556D0D7003043A6 /* Base */ = {isa = PBXFileReference; lastKnownFileType = file.storyboard; name = Base; path = Base.lproj/Main.storyboard; sourceTree = "<group>"; };
		0780647F2556D0D9003043A6 /* Assets.xcassets */ = {isa = PBXFileReference; lastKnownFileType = folder.assetcatalog; path = Assets.xcassets; sourceTree = "<group>"; };
		078064822556D0D9003043A6 /* Base */ = {isa = PBXFileReference; lastKnownFileType = file.storyboard; name = Base; path = Base.lproj/LaunchScreen.storyboard; sourceTree = "<group>"; };
		078064842556D0D9003043A6 /* Info.plist */ = {isa = PBXFileReference; lastKnownFileType = text.plist.xml; path = Info.plist; sourceTree = "<group>"; };
		078064852556D0D9003043A6 /* main.m */ = {isa = PBXFileReference; lastKnownFileType = sourcecode.c.objc; path = main.m; sourceTree = "<group>"; };
		078064912556D113003043A6 /* cars_simple.plist */ = {isa = PBXFileReference; fileEncoding = 4; lastKnownFileType = text.plist.xml; path = cars_simple.plist; sourceTree = "<group>"; };
		078064942556D4AD003043A6 /* GXCarBrand.h */ = {isa = PBXFileReference; lastKnownFileType = sourcecode.c.h; path = GXCarBrand.h; sourceTree = "<group>"; };
		078064952556D4AD003043A6 /* GXCarBrand.m */ = {isa = PBXFileReference; lastKnownFileType = sourcecode.c.objc; path = GXCarBrand.m; sourceTree = "<group>"; };
/* End PBXFileReference section */

/* Begin PBXFrameworksBuildPhase section */
		0780646D2556D0D7003043A6 /* Frameworks */ = {
			isa = PBXFrameworksBuildPhase;
			buildActionMask = 2147483647;
			files = (
			);
			runOnlyForDeploymentPostprocessing = 0;
		};
/* End PBXFrameworksBuildPhase section */

/* Begin PBXGroup section */
		078064672556D0D7003043A6 = {
			isa = PBXGroup;
			children = (
				078064722556D0D7003043A6 /* OC-UI-UITableViewGroup */,
				078064712556D0D7003043A6 /* Products */,
			);
			sourceTree = "<group>";
		};
		078064712556D0D7003043A6 /* Products */ = {
			isa = PBXGroup;
			children = (
				078064702556D0D7003043A6 /* OC-UI-UITableViewGroup.app */,
			);
			name = Products;
			sourceTree = "<group>";
		};
		078064722556D0D7003043A6 /* OC-UI-UITableViewGroup */ = {
			isa = PBXGroup;
			children = (
				078064732556D0D7003043A6 /* AppDelegate.h */,
				078064742556D0D7003043A6 /* AppDelegate.m */,
				078064762556D0D7003043A6 /* SceneDelegate.h */,
				078064772556D0D7003043A6 /* SceneDelegate.m */,
				078064792556D0D7003043A6 /* ViewController.h */,
				0780647A2556D0D7003043A6 /* ViewController.m */,
				078064942556D4AD003043A6 /* GXCarBrand.h */,
				078064952556D4AD003043A6 /* GXCarBrand.m */,
				078064912556D113003043A6 /* cars_simple.plist */,
				0780647C2556D0D7003043A6 /* Main.storyboard */,
				0780647F2556D0D9003043A6 /* Assets.xcassets */,
				078064812556D0D9003043A6 /* LaunchScreen.storyboard */,
				078064842556D0D9003043A6 /* Info.plist */,
				078064852556D0D9003043A6 /* main.m */,
			);
			path = "OC-UI-UITableViewGroup";
			sourceTree = "<group>";
		};
/* End PBXGroup section */

/* Begin PBXNativeTarget section */
		0780646F2556D0D7003043A6 /* OC-UI-UITableViewGroup */ = {
			isa = PBXNativeTarget;
			buildConfigurationList = 078064892556D0D9003043A6 /* Build configuration list for PBXNativeTarget "OC-UI-UITableViewGroup" */;
			buildPhases = (
				0780646C2556D0D7003043A6 /* Sources */,
				0780646D2556D0D7003043A6 /* Frameworks */,
				0780646E2556D0D7003043A6 /* Resources */,
			);
			buildRules = (
			);
			dependencies = (
			);
			name = "OC-UI-UITableViewGroup";
			productName = "OC-UI-UITableViewGroup";
			productReference = 078064702556D0D7003043A6 /* OC-UI-UITableViewGroup.app */;
			productType = "com.apple.product-type.application";
		};
/* End PBXNativeTarget section */

/* Begin PBXProject section */
		078064682556D0D7003043A6 /* Project object */ = {
			isa = PBXProject;
			attributes = {
				LastUpgradeCheck = 1210;
				TargetAttributes = {
					0780646F2556D0D7003043A6 = {
						CreatedOnToolsVersion = 12.1;
					};
				};
			};
			buildConfigurationList = 0780646B2556D0D7003043A6 /* Build configuration list for PBXProject "OC-UI-UITableViewGroup" */;
			compatibilityVersion = "Xcode 9.3";
			developmentRegion = en;
			hasScannedForEncodings = 0;
			knownRegions = (
				en,
				Base,
			);
			mainGroup = 078064672556D0D7003043A6;
			productRefGroup = 078064712556D0D7003043A6 /* Products */;
			projectDirPath = "";
			projectRoot = "";
			targets = (
				0780646F2556D0D7003043A6 /* OC-UI-UITableViewGroup */,
			);
		};
/* End PBXProject section */

/* Begin PBXResourcesBuildPhase section */
		0780646E2556D0D7003043A6 /* Resources */ = {
			isa = PBXResourcesBuildPhase;
			buildActionMask = 2147483647;
			files = (
				078064832556D0D9003043A6 /* LaunchScreen.storyboard in Resources */,
				078064922556D114003043A6 /* cars_simple.plist in Resources */,
				078064802556D0D9003043A6 /* Assets.xcassets in Resources */,
				0780647E2556D0D7003043A6 /* Main.storyboard in Resources */,
			);
			runOnlyForDeploymentPostprocessing = 0;
		};
/* End PBXResourcesBuildPhase section */

/* Begin PBXSourcesBuildPhase section */
		0780646C2556D0D7003043A6 /* Sources */ = {
			isa = PBXSourcesBuildPhase;
			buildActionMask = 2147483647;
			files = (
				078064962556D4AD003043A6 /* GXCarBrand.m in Sources */,
				0780647B2556D0D7003043A6 /* ViewController.m in Sources */,
				078064752556D0D7003043A6 /* AppDelegate.m in Sources */,
				078064862556D0D9003043A6 /* main.m in Sources */,
				078064782556D0D7003043A6 /* SceneDelegate.m in Sources */,
			);
			runOnlyForDeploymentPostprocessing = 0;
		};
/* End PBXSourcesBuildPhase section */

/* Begin PBXVariantGroup section */
		0780647C2556D0D7003043A6 /* Main.storyboard */ = {
			isa = PBXVariantGroup;
			children = (
				0780647D2556D0D7003043A6 /* Base */,
			);
			name = Main.storyboard;
			sourceTree = "<group>";
		};
		078064812556D0D9003043A6 /* LaunchScreen.storyboard */ = {
			isa = PBXVariantGroup;
			children = (
				078064822556D0D9003043A6 /* Base */,
			);
			name = LaunchScreen.storyboard;
			sourceTree = "<group>";
		};
/* End PBXVariantGroup section */

/* Begin XCBuildConfiguration section */
		078064872556D0D9003043A6 /* Debug */ = {
			isa = XCBuildConfiguration;
			buildSettings = {
				ALWAYS_SEARCH_USER_PATHS = NO;
				CLANG_ANALYZER_NONNULL = YES;
				CLANG_ANALYZER_NUMBER_OBJECT_CONVERSION = YES_AGGRESSIVE;
				CLANG_CXX_LANGUAGE_STANDARD = "gnu++14";
				CLANG_CXX_LIBRARY = "libc++";
				CLANG_ENABLE_MODULES = YES;
				CLANG_ENABLE_OBJC_ARC = YES;
				CLANG_ENABLE_OBJC_WEAK = YES;
				CLANG_WARN_BLOCK_CAPTURE_AUTORELEASING = YES;
				CLANG_WARN_BOOL_CONVERSION = YES;
				CLANG_WARN_COMMA = YES;
				CLANG_WARN_CONSTANT_CONVERSION = YES;
				CLANG_WARN_DEPRECATED_OBJC_IMPLEMENTATIONS = YES;
				CLANG_WARN_DIRECT_OBJC_ISA_USAGE = YES_ERROR;
				CLANG_WARN_DOCUMENTATION_COMMENTS = YES;
				CLANG_WARN_EMPTY_BODY = YES;
				CLANG_WARN_ENUM_CONVERSION = YES;
				CLANG_WARN_INFINITE_RECURSION = YES;
				CLANG_WARN_INT_CONVERSION = YES;
				CLANG_WARN_NON_LITERAL_NULL_CONVERSION = YES;
				CLANG_WARN_OBJC_IMPLICIT_RETAIN_SELF = YES;
				CLANG_WARN_OBJC_LITERAL_CONVERSION = YES;
				CLANG_WARN_OBJC_ROOT_CLASS = YES_ERROR;
				CLANG_WARN_QUOTED_INCLUDE_IN_FRAMEWORK_HEADER = YES;
				CLANG_WARN_RANGE_LOOP_ANALYSIS = YES;
				CLANG_WARN_STRICT_PROTOTYPES = YES;
				CLANG_WARN_SUSPICIOUS_MOVE = YES;
				CLANG_WARN_UNGUARDED_AVAILABILITY = YES_AGGRESSIVE;
				CLANG_WARN_UNREACHABLE_CODE = YES;
				CLANG_WARN__DUPLICATE_METHOD_MATCH = YES;
				COPY_PHASE_STRIP = NO;
				DEBUG_INFORMATION_FORMAT = dwarf;
				ENABLE_STRICT_OBJC_MSGSEND = YES;
				ENABLE_TESTABILITY = YES;
				GCC_C_LANGUAGE_STANDARD = gnu11;
				GCC_DYNAMIC_NO_PIC = NO;
				GCC_NO_COMMON_BLOCKS = YES;
				GCC_OPTIMIZATION_LEVEL = 0;
				GCC_PREPROCESSOR_DEFINITIONS = (
					"DEBUG=1",
					"$(inherited)",
				);
				GCC_WARN_64_TO_32_BIT_CONVERSION = YES;
				GCC_WARN_ABOUT_RETURN_TYPE = YES_ERROR;
				GCC_WARN_UNDECLARED_SELECTOR = YES;
				GCC_WARN_UNINITIALIZED_AUTOS = YES_AGGRESSIVE;
				GCC_WARN_UNUSED_FUNCTION = YES;
				GCC_WARN_UNUSED_VARIABLE = YES;
				IPHONEOS_DEPLOYMENT_TARGET = 14.1;
				MTL_ENABLE_DEBUG_INFO = INCLUDE_SOURCE;
				MTL_FAST_MATH = YES;
				ONLY_ACTIVE_ARCH = YES;
				SDKROOT = iphoneos;
			};
			name = Debug;
		};
		078064882556D0D9003043A6 /* Release */ = {
			isa = XCBuildConfiguration;
			buildSettings = {
				ALWAYS_SEARCH_USER_PATHS = NO;
				CLANG_ANALYZER_NONNULL = YES;
				CLANG_ANALYZER_NUMBER_OBJECT_CONVERSION = YES_AGGRESSIVE;
				CLANG_CXX_LANGUAGE_STANDARD = "gnu++14";
				CLANG_CXX_LIBRARY = "libc++";
				CLANG_ENABLE_MODULES = YES;
				CLANG_ENABLE_OBJC_ARC = YES;
				CLANG_ENABLE_OBJC_WEAK = YES;
				CLANG_WARN_BLOCK_CAPTURE_AUTORELEASING = YES;
				CLANG_WARN_BOOL_CONVERSION = YES;
				CLANG_WARN_COMMA = YES;
				CLANG_WARN_CONSTANT_CONVERSION = YES;
				CLANG_WARN_DEPRECATED_OBJC_IMPLEMENTATIONS = YES;
				CLANG_WARN_DIRECT_OBJC_ISA_USAGE = YES_ERROR;
				CLANG_WARN_DOCUMENTATION_COMMENTS = YES;
				CLANG_WARN_EMPTY_BODY = YES;
				CLANG_WARN_ENUM_CONVERSION = YES;
				CLANG_WARN_INFINITE_RECURSION = YES;
				CLANG_WARN_INT_CONVERSION = YES;
				CLANG_WARN_NON_LITERAL_NULL_CONVERSION = YES;
				CLANG_WARN_OBJC_IMPLICIT_RETAIN_SELF = YES;
				CLANG_WARN_OBJC_LITERAL_CONVERSION = YES;
				CLANG_WARN_OBJC_ROOT_CLASS = YES_ERROR;
				CLANG_WARN_QUOTED_INCLUDE_IN_FRAMEWORK_HEADER = YES;
				CLANG_WARN_RANGE_LOOP_ANALYSIS = YES;
				CLANG_WARN_STRICT_PROTOTYPES = YES;
				CLANG_WARN_SUSPICIOUS_MOVE = YES;
				CLANG_WARN_UNGUARDED_AVAILABILITY = YES_AGGRESSIVE;
				CLANG_WARN_UNREACHABLE_CODE = YES;
				CLANG_WARN__DUPLICATE_METHOD_MATCH = YES;
				COPY_PHASE_STRIP = NO;
				DEBUG_INFORMATION_FORMAT = "dwarf-with-dsym";
				ENABLE_NS_ASSERTIONS = NO;
				ENABLE_STRICT_OBJC_MSGSEND = YES;
				GCC_C_LANGUAGE_STANDARD = gnu11;
				GCC_NO_COMMON_BLOCKS = YES;
				GCC_WARN_64_TO_32_BIT_CONVERSION = YES;
				GCC_WARN_ABOUT_RETURN_TYPE = YES_ERROR;
				GCC_WARN_UNDECLARED_SELECTOR = YES;
				GCC_WARN_UNINITIALIZED_AUTOS = YES_AGGRESSIVE;
				GCC_WARN_UNUSED_FUNCTION = YES;
				GCC_WARN_UNUSED_VARIABLE = YES;
				IPHONEOS_DEPLOYMENT_TARGET = 14.1;
				MTL_ENABLE_DEBUG_INFO = NO;
				MTL_FAST_MATH = YES;
				SDKROOT = iphoneos;
				VALIDATE_PRODUCT = YES;
			};
			name = Release;
		};
		0780648A2556D0D9003043A6 /* Debug */ = {
			isa = XCBuildConfiguration;
			buildSettings = {
				ASSETCATALOG_COMPILER_APPICON_NAME = AppIcon;
				ASSETCATALOG_COMPILER_GLOBAL_ACCENT_COLOR_NAME = AccentColor;
				CODE_SIGN_STYLE = Automatic;
				DEVELOPMENT_TEAM = BTFUPS4949;
				INFOPLIST_FILE = "OC-UI-UITableViewGroup/Info.plist";
				LD_RUNPATH_SEARCH_PATHS = (
					"$(inherited)",
					"@executable_path/Frameworks",
				);
				PRODUCT_BUNDLE_IDENTIFIER = "io.github.gaoxiangzhang-abner.OC-UI-UITableViewGroup";
				PRODUCT_NAME = "$(TARGET_NAME)";
				TARGETED_DEVICE_FAMILY = "1,2";
			};
			name = Debug;
		};
		0780648B2556D0D9003043A6 /* Release */ = {
			isa = XCBuildConfiguration;
			buildSettings = {
				ASSETCATALOG_COMPILER_APPICON_NAME = AppIcon;
				ASSETCATALOG_COMPILER_GLOBAL_ACCENT_COLOR_NAME = AccentColor;
				CODE_SIGN_STYLE = Automatic;
				DEVELOPMENT_TEAM = BTFUPS4949;
				INFOPLIST_FILE = "OC-UI-UITableViewGroup/Info.plist";
				LD_RUNPATH_SEARCH_PATHS = (
					"$(inherited)",
					"@executable_path/Frameworks",
				);
				PRODUCT_BUNDLE_IDENTIFIER = "io.github.gaoxiangzhang-abner.OC-UI-UITableViewGroup";
				PRODUCT_NAME = "$(TARGET_NAME)";
				TARGETED_DEVICE_FAMILY = "1,2";
			};
			name = Release;
		};
/* End XCBuildConfiguration section */

/* Begin XCConfigurationList section */
		0780646B2556D0D7003043A6 /* Build configuration list for PBXProject "OC-UI-UITableViewGroup" */ = {
			isa = XCConfigurationList;
			buildConfigurations = (
				078064872556D0D9003043A6 /* Debug */,
				078064882556D0D9003043A6 /* Release */,
			);
			defaultConfigurationIsVisible = 0;
			defaultConfigurationName = Release;
		};
		078064892556D0D9003043A6 /* Build configuration list for PBXNativeTarget "OC-UI-UITableViewGroup" */ = {
			isa = XCConfigurationList;
			buildConfigurations = (
				0780648A2556D0D9003043A6 /* Debug */,
				0780648B2556D0D9003043A6 /* Release */,
			);
			defaultConfigurationIsVisible = 0;
			defaultConfigurationName = Release;
		};
/* End XCConfigurationList section */
	};
	rootObject = 078064682556D0D7003043A6 /* Project object */;
}
